
Microsoft Visual Studio Solution File, Format Version 12.00
# Visual Studio Version 17
VisualStudioVersion = 17.13.35931.197
MinimumVisualStudioVersion = 10.0.40219.1
Project("{FAE04EC0-301F-11D3-BF4B-00C04F79EFBC}") = "St7Toolkit", "St7Toolkit\St7Toolkit.csproj", "{5A958D7E-B1A4-627A-4403-FFD8E3F03426}"
EndProject
Global
	GlobalSection(SolutionConfigurationPlatforms) = preSolution
		Debug|Any CPU = Debug|Any CPU
		Release|Any CPU = Release|Any CPU
	EndGlobalSection
	GlobalSection(ProjectConfigurationPlatforms) = postSolution
		{5A958D7E-B1A4-627A-4403-FFD8E3F03426}.Debug|Any CPU.ActiveCfg = Debug|Any CPU
		{5A958D7E-B1A4-627A-4403-FFD8E3F03426}.Debug|Any CPU.Build.0 = Debug|Any CPU
		{5A958D7E-B1A4-627A-4403-FFD8E3F03426}.Release|Any CPU.ActiveCfg = Release|Any CPU
		{5A958D7E-B1A4-627A-4403-FFD8E3F03426}.Release|Any CPU.Build.0 = Release|Any CPU
	EndGlobalSection
	GlobalSection(SolutionProperties) = preSolution
		HideSolutionNode = FALSE
	EndGlobalSection
	GlobalSection(ExtensibilityGlobals) = postSolution
		SolutionGuid = {89EFC6E2-CBAD-4996-9E30-A7F14AB6FEEE}
	EndGlobalSection
EndGlobal
